
Microsoft Visual Studio Solution File, Format Version 12.00
Project("{FAE04EC0-301F-11D3-BF4B-00C04F79EFBC}") = "DataScienceUA.Proxx.Logic", "DataScienceUA.Proxx.Logic\DataScienceUA.Proxx.Logic.csproj", "{62B39EB7-D939-402B-8AB8-53D2AF238FAA}"
EndProject
Project("{FAE04EC0-301F-11D3-BF4B-00C04F79EFBC}") = "DataScienceUA.Proxx.ConsoleApp", "DataScienceUA.Proxx.ConsoleApp\DataScienceUA.Proxx.ConsoleApp.csproj", "{94DDB8DE-C152-4808-BC44-44342F96BD9E}"
EndProject
Project("{FAE04EC0-301F-11D3-BF4B-00C04F79EFBC}") = "DataScienceUA.Proxx.Logic.Tests", "DataScienceUA.Proxx.Logic.Tests\DataScienceUA.Proxx.Logic.Tests.csproj", "{BDB6AF1C-1CB6-46FD-8664-9266A93605E3}"
EndProject
Global
	GlobalSection(SolutionConfigurationPlatforms) = preSolution
		Debug|Any CPU = Debug|Any CPU
		Release|Any CPU = Release|Any CPU
	EndGlobalSection
	GlobalSection(ProjectConfigurationPlatforms) = postSolution
		{62B39EB7-D939-402B-8AB8-53D2AF238FAA}.Debug|Any CPU.ActiveCfg = Debug|Any CPU
		{62B39EB7-D939-402B-8AB8-53D2AF238FAA}.Debug|Any CPU.Build.0 = Debug|Any CPU
		{62B39EB7-D939-402B-8AB8-53D2AF238FAA}.Release|Any CPU.ActiveCfg = Release|Any CPU
		{62B39EB7-D939-402B-8AB8-53D2AF238FAA}.Release|Any CPU.Build.0 = Release|Any CPU
		{94DDB8DE-C152-4808-BC44-44342F96BD9E}.Debug|Any CPU.ActiveCfg = Debug|Any CPU
		{94DDB8DE-C152-4808-BC44-44342F96BD9E}.Debug|Any CPU.Build.0 = Debug|Any CPU
		{94DDB8DE-C152-4808-BC44-44342F96BD9E}.Release|Any CPU.ActiveCfg = Release|Any CPU
		{94DDB8DE-C152-4808-BC44-44342F96BD9E}.Release|Any CPU.Build.0 = Release|Any CPU
		{BDB6AF1C-1CB6-46FD-8664-9266A93605E3}.Debug|Any CPU.ActiveCfg = Debug|Any CPU
		{BDB6AF1C-1CB6-46FD-8664-9266A93605E3}.Debug|Any CPU.Build.0 = Debug|Any CPU
		{BDB6AF1C-1CB6-46FD-8664-9266A93605E3}.Release|Any CPU.ActiveCfg = Release|Any CPU
		{BDB6AF1C-1CB6-46FD-8664-9266A93605E3}.Release|Any CPU.Build.0 = Release|Any CPU
	EndGlobalSection
EndGlobal
